
Microsoft Visual Studio Solution File, Format Version 12.00
# Visual Studio Version 17
VisualStudioVersion = 17.10.35013.160
MinimumVisualStudioVersion = 10.0.40219.1
Project("{9A19103F-16F7-4668-BE54-9A1E7A4F7556}") = "DoggyEventsAPI", "DoggyEventsAPI\DoggyEventsAPI.csproj", "{3CAAE5F6-3BAD-485B-9D0B-4B12BE63E0C6}"
EndProject
Project("{9A19103F-16F7-4668-BE54-9A1E7A4F7556}") = "DoggyEvents.DataAccess", "DoggyEvents.DataAccess\DoggyEvents.DataAccess.csproj", "{D9D5CD3F-FD46-4BCF-B482-ECC8960D8C6F}"
EndProject
Project("{9A19103F-16F7-4668-BE54-9A1E7A4F7556}") = "DoggyEvents.Models", "DoggyEvents.Models\DoggyEvents.Models.csproj", "{0DF33438-F254-4F44-8027-14C59464E05B}"
EndProject
Project("{9A19103F-16F7-4668-BE54-9A1E7A4F7556}") = "DoggyEvents.Utility", "DoggyEvents.Utility\DoggyEvents.Utility.csproj", "{69A1159A-3F02-44F2-8AF8-F2E093A5F216}"
EndProject
Project("{2150E333-8FDC-42A3-9474-1A3956D46DE8}") = "Solution Items", "Solution Items", "{597DF2A5-8CB3-4029-A4B1-498C65A40C47}"
	ProjectSection(SolutionItems) = preProject
		README.md = README.md
	EndProjectSection
EndProject
Project("{E24C65DC-7377-472B-9ABA-BC803B73C61A}") = "doggy-events-ANGULAR", "..\doggy-events-ANGULAR\", "{2D758571-CC0F-4439-8444-F794619615B2}"
	ProjectSection(WebsiteProperties) = preProject
		TargetFrameworkMoniker = ".NETFramework,Version%3Dv4.8.1"
		Debug.AspNetCompiler.VirtualPath = "/localhost_59863"
		Debug.AspNetCompiler.PhysicalPath = "..\doggy-events-ANGULAR\"
		Debug.AspNetCompiler.TargetPath = "PrecompiledWeb\localhost_59863\"
		Debug.AspNetCompiler.Updateable = "false"
		Debug.AspNetCompiler.ForceOverwrite = "true"
		Debug.AspNetCompiler.FixedNames = "false"
		Debug.AspNetCompiler.Debug = "True"
		Release.AspNetCompiler.VirtualPath = "/localhost_59863"
		Release.AspNetCompiler.PhysicalPath = "..\doggy-events-ANGULAR\"
		Release.AspNetCompiler.TargetPath = "PrecompiledWeb\localhost_59863\"
		Release.AspNetCompiler.Updateable = "false"
		Release.AspNetCompiler.ForceOverwrite = "true"
		Release.AspNetCompiler.FixedNames = "false"
		Release.AspNetCompiler.Debug = "False"
		VWDPort = "59863"
		SlnRelativePath = "..\doggy-events-ANGULAR\"
	EndProjectSection
EndProject
Global
	GlobalSection(SolutionConfigurationPlatforms) = preSolution
		Debug|Any CPU = Debug|Any CPU
		Release|Any CPU = Release|Any CPU
	EndGlobalSection
	GlobalSection(ProjectConfigurationPlatforms) = postSolution
		{3CAAE5F6-3BAD-485B-9D0B-4B12BE63E0C6}.Debug|Any CPU.ActiveCfg = Debug|Any CPU
		{3CAAE5F6-3BAD-485B-9D0B-4B12BE63E0C6}.Debug|Any CPU.Build.0 = Debug|Any CPU
		{3CAAE5F6-3BAD-485B-9D0B-4B12BE63E0C6}.Release|Any CPU.ActiveCfg = Release|Any CPU
		{3CAAE5F6-3BAD-485B-9D0B-4B12BE63E0C6}.Release|Any CPU.Build.0 = Release|Any CPU
		{D9D5CD3F-FD46-4BCF-B482-ECC8960D8C6F}.Debug|Any CPU.ActiveCfg = Debug|Any CPU
		{D9D5CD3F-FD46-4BCF-B482-ECC8960D8C6F}.Debug|Any CPU.Build.0 = Debug|Any CPU
		{D9D5CD3F-FD46-4BCF-B482-ECC8960D8C6F}.Release|Any CPU.ActiveCfg = Release|Any CPU
		{D9D5CD3F-FD46-4BCF-B482-ECC8960D8C6F}.Release|Any CPU.Build.0 = Release|Any CPU
		{0DF33438-F254-4F44-8027-14C59464E05B}.Debug|Any CPU.ActiveCfg = Debug|Any CPU
		{0DF33438-F254-4F44-8027-14C59464E05B}.Debug|Any CPU.Build.0 = Debug|Any CPU
		{0DF33438-F254-4F44-8027-14C59464E05B}.Release|Any CPU.ActiveCfg = Release|Any CPU
		{0DF33438-F254-4F44-8027-14C59464E05B}.Release|Any CPU.Build.0 = Release|Any CPU
		{69A1159A-3F02-44F2-8AF8-F2E093A5F216}.Debug|Any CPU.ActiveCfg = Debug|Any CPU
		{69A1159A-3F02-44F2-8AF8-F2E093A5F216}.Debug|Any CPU.Build.0 = Debug|Any CPU
		{69A1159A-3F02-44F2-8AF8-F2E093A5F216}.Release|Any CPU.ActiveCfg = Release|Any CPU
		{69A1159A-3F02-44F2-8AF8-F2E093A5F216}.Release|Any CPU.Build.0 = Release|Any CPU
		{2D758571-CC0F-4439-8444-F794619615B2}.Debug|Any CPU.ActiveCfg = Debug|Any CPU
		{2D758571-CC0F-4439-8444-F794619615B2}.Debug|Any CPU.Build.0 = Debug|Any CPU
		{2D758571-CC0F-4439-8444-F794619615B2}.Release|Any CPU.ActiveCfg = Debug|Any CPU
		{2D758571-CC0F-4439-8444-F794619615B2}.Release|Any CPU.Build.0 = Debug|Any CPU
	EndGlobalSection
	GlobalSection(SolutionProperties) = preSolution
		HideSolutionNode = FALSE
	EndGlobalSection
	GlobalSection(ExtensibilityGlobals) = postSolution
		SolutionGuid = {5F60C370-31FF-4D36-9786-28B27DC82561}
	EndGlobalSection
EndGlobal
